{
  "name": "testdependency2",
  "version": "1.0.0",
  "lockfileVersion": 1,
  "requires": true,
  "dependencies": {
    "testsubdependency": {
      "version": "git+https://github.com/CSLTech/testSubDependency.git#331315f3bb7faec72e0229477a4d01c6b9ff7c26",
      "from": "git+https://github.com/CSLTech/testSubDependency.git#master"
    }
  }
}
